// !$*UTF8*$!
{
	archiveVersion = 1;
	classes = {
	};
	objectVersion = 56;
	objects = {

/* Begin PBXBuildFile section */
		B357E7DB2F4A8B3300438AE2 /* AppDelegate.swift in Sources */ = {isa = PBXBuildFile; fileRef = B357E7DA2F4A8B3300438AE2 /* AppDelegate.swift */; };
		B357E7DD2F4A8B3300438AE2 /* SceneDelegate.swift in Sources */ = {isa = PBXBuildFile; fileRef = B357E7DC2F4A8B3300438AE2 /* SceneDelegate.swift */; };
		B357E7DF2F4A8B3300438AE2 /* ViewController.swift in Sources */ = {isa = PBXBuildFile; fileRef = B357E7DE2F4A8B3300438AE2 /* ViewController.swift */; };
		B357E7E22F4A8B3300438AE2 /* Base in Resources */ = {isa = PBXBuildFile; fileRef = B357E7E12F4A8B3300438AE2 /* Base */; };
		B357E7E42F4A8B3500438AE2 /* Assets.xcassets in Resources */ = {isa = PBXBuildFile; fileRef = B357E7E32F4A8B3500438AE2 /* Assets.xcassets */; };
		B357E7E72F4A8B3500438AE2 /* Base in Resources */ = {isa = PBXBuildFile; fileRef = B357E7E62F4A8B3500438AE2 /* Base */; };
		B357E7F22F4A8B3500438AE2 /* EnterpriseKitTests.swift in Sources */ = {isa = PBXBuildFile; fileRef = B357E7F12F4A8B3500438AE2 /* EnterpriseKitTests.swift */; };
		B357E7FC2F4A8B3500438AE2 /* EnterpriseKitUITests.swift in Sources */ = {isa = PBXBuildFile; fileRef = B357E7FB2F4A8B3500438AE2 /* EnterpriseKitUITests.swift */; };
		B357E7FE2F4A8B3500438AE2 /* EnterpriseKitUITestsLaunchTests.swift in Sources */ = {isa = PBXBuildFile; fileRef = B357E7FD2F4A8B3500438AE2 /* EnterpriseKitUITestsLaunchTests.swift */; };
		B380C2232F5A341D00502825 /* Product.swift in Sources */ = {isa = PBXBuildFile; fileRef = B380C2222F5A341D00502825 /* Product.swift */; };
		B380C2252F5A342500502825 /* ProductService.swift in Sources */ = {isa = PBXBuildFile; fileRef = B380C2242F5A342500502825 /* ProductService.swift */; };
		B380C2272F5A343B00502825 /* ProductDetailViewModel.swift in Sources */ = {isa = PBXBuildFile; fileRef = B380C2262F5A343B00502825 /* ProductDetailViewModel.swift */; };
		B380C2292F5A344300502825 /* ProductListViewController.swift in Sources */ = {isa = PBXBuildFile; fileRef = B380C2282F5A344300502825 /* ProductListViewController.swift */; };
		B380C22C2F5A34DD00502825 /* EnterpriseKitApp.swift in Sources */ = {isa = PBXBuildFile; fileRef = B380C22B2F5A34DD00502825 /* EnterpriseKitApp.swift */; };
		B380C22E2F5A34E900502825 /* RootView.swift in Sources */ = {isa = PBXBuildFile; fileRef = B380C22D2F5A34E900502825 /* RootView.swift */; };
		B380C2322F5A350C00502825 /* DependencyContainer.swift in Sources */ = {isa = PBXBuildFile; fileRef = B380C2312F5A350C00502825 /* DependencyContainer.swift */; };
		B380C2382F5A355A00502825 /* ProductDetailViewController.swift in Sources */ = {isa = PBXBuildFile; fileRef = B380C2372F5A355A00502825 /* ProductDetailViewController.swift */; };
		B380C23F2F5A35A900502825 /* CartItem.swift in Sources */ = {isa = PBXBuildFile; fileRef = B380C23E2F5A35A900502825 /* CartItem.swift */; };
		B380C2412F5A35B300502825 /* CartService.swift in Sources */ = {isa = PBXBuildFile; fileRef = B380C2402F5A35B300502825 /* CartService.swift */; };
		B380C2432F5A35BC00502825 /* CartViewModel.swift in Sources */ = {isa = PBXBuildFile; fileRef = B380C2422F5A35BC00502825 /* CartViewModel.swift */; };
		B380C2452F5A35C800502825 /* CartViewController.swift in Sources */ = {isa = PBXBuildFile; fileRef = B380C2442F5A35C800502825 /* CartViewController.swift */; };
		B380C2492F5A36E100502825 /* AddToCartRequest.swift in Sources */ = {isa = PBXBuildFile; fileRef = B380C2482F5A36E100502825 /* AddToCartRequest.swift */; };
		B380C24B2F5A376300502825 /* UpdateCartRequest.swift in Sources */ = {isa = PBXBuildFile; fileRef = B380C24A2F5A376300502825 /* UpdateCartRequest.swift */; };
		B380C24D2F5A393600502825 /* ProductCell.swift in Sources */ = {isa = PBXBuildFile; fileRef = B380C24C2F5A393600502825 /* ProductCell.swift */; };
		B380C24F2F5A3A7300502825 /* ProductDetailViewController+UI.swift in Sources */ = {isa = PBXBuildFile; fileRef = B380C24E2F5A3A7200502825 /* ProductDetailViewController+UI.swift */; };
		B380C2512F5A3B3E00502825 /* ProductListViewModel.swift in Sources */ = {isa = PBXBuildFile; fileRef = B380C2502F5A3B3E00502825 /* ProductListViewModel.swift */; };
		B380C2532F69F1A600502825 /* MainTabBarController.swift in Sources */ = {isa = PBXBuildFile; fileRef = B380C2522F69F1A600502825 /* MainTabBarController.swift */; };
		B380C2552F69F37C00502825 /* CartDisplayItem.swift in Sources */ = {isa = PBXBuildFile; fileRef = B380C2542F69F37B00502825 /* CartDisplayItem.swift */; };
		B380C2582F6B38DE00502825 /* CustomCartCell.swift in Sources */ = {isa = PBXBuildFile; fileRef = B380C2572F6B38DE00502825 /* CustomCartCell.swift */; };
		B38B2BC52F5A335A00E61212 /* APIEndpoint.swift in Sources */ = {isa = PBXBuildFile; fileRef = B38B2BC42F5A335A00E61212 /* APIEndpoint.swift */; };
		B38B2BC72F5A337600E61212 /* NetworkService.swift in Sources */ = {isa = PBXBuildFile; fileRef = B38B2BC62F5A337600E61212 /* NetworkService.swift */; };
		B38B2BC92F5A337E00E61212 /* APIError.swift in Sources */ = {isa = PBXBuildFile; fileRef = B38B2BC82F5A337E00E61212 /* APIError.swift */; };
/* End PBXBuildFile section */

/* Begin PBXContainerItemProxy section */
		B357E7EE2F4A8B3500438AE2 /* PBXContainerItemProxy */ = {
			isa = PBXContainerItemProxy;
			containerPortal = B357E7CF2F4A8B3300438AE2 /* Project object */;
			proxyType = 1;
			remoteGlobalIDString = B357E7D62F4A8B3300438AE2;
			remoteInfo = EnterpriseKit;
		};
		B357E7F82F4A8B3500438AE2 /* PBXContainerItemProxy */ = {
			isa = PBXContainerItemProxy;
			containerPortal = B357E7CF2F4A8B3300438AE2 /* Project object */;
			proxyType = 1;
			remoteGlobalIDString = B357E7D62F4A8B3300438AE2;
			remoteInfo = EnterpriseKit;
		};
/* End PBXContainerItemProxy section */

/* Begin PBXFileReference section */
		B357E7D72F4A8B3300438AE2 /* EnterpriseKit.app */ = {isa = PBXFileReference; explicitFileType = wrapper.application; includeInIndex = 0; path = EnterpriseKit.app; sourceTree = BUILT_PRODUCTS_DIR; };
		B357E7DA2F4A8B3300438AE2 /* AppDelegate.swift */ = {isa = PBXFileReference; lastKnownFileType = sourcecode.swift; path = AppDelegate.swift; sourceTree = "<group>"; };
		B357E7DC2F4A8B3300438AE2 /* SceneDelegate.swift */ = {isa = PBXFileReference; lastKnownFileType = sourcecode.swift; path = SceneDelegate.swift; sourceTree = "<group>"; };
		B357E7DE2F4A8B3300438AE2 /* ViewController.swift */ = {isa = PBXFileReference; lastKnownFileType = sourcecode.swift; path = ViewController.swift; sourceTree = "<group>"; };
		B357E7E12F4A8B3300438AE2 /* Base */ = {isa = PBXFileReference; lastKnownFileType = file.storyboard; name = Base; path = Base.lproj/Main.storyboard; sourceTree = "<group>"; };
		B357E7E32F4A8B3500438AE2 /* Assets.xcassets */ = {isa = PBXFileReference; lastKnownFileType = folder.assetcatalog; path = Assets.xcassets; sourceTree = "<group>"; };
		B357E7E62F4A8B3500438AE2 /* Base */ = {isa = PBXFileReference; lastKnownFileType = file.storyboard; name = Base; path = Base.lproj/LaunchScreen.storyboard; sourceTree = "<group>"; };
		B357E7E82F4A8B3500438AE2 /* Info.plist */ = {isa = PBXFileReference; lastKnownFileType = text.plist.xml; path = Info.plist; sourceTree = "<group>"; };
		B357E7ED2F4A8B3500438AE2 /* EnterpriseKitTests.xctest */ = {isa = PBXFileReference; explicitFileType = wrapper.cfbundle; includeInIndex = 0; path = EnterpriseKitTests.xctest; sourceTree = BUILT_PRODUCTS_DIR; };
		B357E7F12F4A8B3500438AE2 /* EnterpriseKitTests.swift */ = {isa = PBXFileReference; lastKnownFileType = sourcecode.swift; path = EnterpriseKitTests.swift; sourceTree = "<group>"; };
		B357E7F72F4A8B3500438AE2 /* EnterpriseKitUITests.xctest */ = {isa = PBXFileReference; explicitFileType = wrapper.cfbundle; includeInIndex = 0; path = EnterpriseKitUITests.xctest; sourceTree = BUILT_PRODUCTS_DIR; };
		B357E7FB2F4A8B3500438AE2 /* EnterpriseKitUITests.swift */ = {isa = PBXFileReference; lastKnownFileType = sourcecode.swift; path = EnterpriseKitUITests.swift; sourceTree = "<group>"; };
		B357E7FD2F4A8B3500438AE2 /* EnterpriseKitUITestsLaunchTests.swift */ = {isa = PBXFileReference; lastKnownFileType = sourcecode.swift; path = EnterpriseKitUITestsLaunchTests.swift; sourceTree = "<group>"; };
		B380C2222F5A341D00502825 /* Product.swift */ = {isa = PBXFileReference; lastKnownFileType = sourcecode.swift; path = Product.swift; sourceTree = "<group>"; };
		B380C2242F5A342500502825 /* ProductService.swift */ = {isa = PBXFileReference; lastKnownFileType = sourcecode.swift; path = ProductService.swift; sourceTree = "<group>"; };
		B380C2262F5A343B00502825 /* ProductDetailViewModel.swift */ = {isa = PBXFileReference; lastKnownFileType = sourcecode.swift; path = ProductDetailViewModel.swift; sourceTree = "<group>"; };
		B380C2282F5A344300502825 /* ProductListViewController.swift */ = {isa = PBXFileReference; lastKnownFileType = sourcecode.swift; path = ProductListViewController.swift; sourceTree = "<group>"; };
		B380C22B2F5A34DD00502825 /* EnterpriseKitApp.swift */ = {isa = PBXFileReference; lastKnownFileType = sourcecode.swift; path = EnterpriseKitApp.swift; sourceTree = "<group>"; };
		B380C22D2F5A34E900502825 /* RootView.swift */ = {isa = PBXFileReference; lastKnownFileType = sourcecode.swift; path = RootView.swift; sourceTree = "<group>"; };
		B380C2312F5A350C00502825 /* DependencyContainer.swift */ = {isa = PBXFileReference; lastKnownFileType = sourcecode.swift; path = DependencyContainer.swift; sourceTree = "<group>"; };
		B380C2372F5A355A00502825 /* ProductDetailViewController.swift */ = {isa = PBXFileReference; lastKnownFileType = sourcecode.swift; path = ProductDetailViewController.swift; sourceTree = "<group>"; };
		B380C23E2F5A35A900502825 /* CartItem.swift */ = {isa = PBXFileReference; lastKnownFileType = sourcecode.swift; path = CartItem.swift; sourceTree = "<group>"; };
		B380C2402F5A35B300502825 /* CartService.swift */ = {isa = PBXFileReference; lastKnownFileType = sourcecode.swift; path = CartService.swift; sourceTree = "<group>"; };
		B380C2422F5A35BC00502825 /* CartViewModel.swift */ = {isa = PBXFileReference; lastKnownFileType = sourcecode.swift; path = CartViewModel.swift; sourceTree = "<group>"; };
		B380C2442F5A35C800502825 /* CartViewController.swift */ = {isa = PBXFileReference; lastKnownFileType = sourcecode.swift; path = CartViewController.swift; sourceTree = "<group>"; };
		B380C2482F5A36E100502825 /* AddToCartRequest.swift */ = {isa = PBXFileReference; lastKnownFileType = sourcecode.swift; path = AddToCartRequest.swift; sourceTree = "<group>"; };
		B380C24A2F5A376300502825 /* UpdateCartRequest.swift */ = {isa = PBXFileReference; lastKnownFileType = sourcecode.swift; path = UpdateCartRequest.swift; sourceTree = "<group>"; };
		B380C24C2F5A393600502825 /* ProductCell.swift */ = {isa = PBXFileReference; lastKnownFileType = sourcecode.swift; path = ProductCell.swift; sourceTree = "<group>"; };
		B380C24E2F5A3A7200502825 /* ProductDetailViewController+UI.swift */ = {isa = PBXFileReference; lastKnownFileType = sourcecode.swift; path = "ProductDetailViewController+UI.swift"; sourceTree = "<group>"; };
		B380C2502F5A3B3E00502825 /* ProductListViewModel.swift */ = {isa = PBXFileReference; lastKnownFileType = sourcecode.swift; path = ProductListViewModel.swift; sourceTree = "<group>"; };
		B380C2522F69F1A600502825 /* MainTabBarController.swift */ = {isa = PBXFileReference; lastKnownFileType = sourcecode.swift; path = MainTabBarController.swift; sourceTree = "<group>"; };
		B380C2542F69F37B00502825 /* CartDisplayItem.swift */ = {isa = PBXFileReference; lastKnownFileType = sourcecode.swift; path = CartDisplayItem.swift; sourceTree = "<group>"; };
		B380C2572F6B38DE00502825 /* CustomCartCell.swift */ = {isa = PBXFileReference; lastKnownFileType = sourcecode.swift; path = CustomCartCell.swift; sourceTree = "<group>"; };
		B38B2BC42F5A335A00E61212 /* APIEndpoint.swift */ = {isa = PBXFileReference; lastKnownFileType = sourcecode.swift; path = APIEndpoint.swift; sourceTree = "<group>"; };
		B38B2BC62F5A337600E61212 /* NetworkService.swift */ = {isa = PBXFileReference; lastKnownFileType = sourcecode.swift; path = NetworkService.swift; sourceTree = "<group>"; };
		B38B2BC82F5A337E00E61212 /* APIError.swift */ = {isa = PBXFileReference; lastKnownFileType = sourcecode.swift; path = APIError.swift; sourceTree = "<group>"; };
/* End PBXFileReference section */

/* Begin PBXFrameworksBuildPhase section */
		B357E7D42F4A8B3300438AE2 /* Frameworks */ = {
			isa = PBXFrameworksBuildPhase;
			buildActionMask = 2147483647;
			files = (
			);
			runOnlyForDeploymentPostprocessing = 0;
		};
		B357E7EA2F4A8B3500438AE2 /* Frameworks */ = {
			isa = PBXFrameworksBuildPhase;
			buildActionMask = 2147483647;
			files = (
			);
			runOnlyForDeploymentPostprocessing = 0;
		};
		B357E7F42F4A8B3500438AE2 /* Frameworks */ = {
			isa = PBXFrameworksBuildPhase;
			buildActionMask = 2147483647;
			files = (
			);
			runOnlyForDeploymentPostprocessing = 0;
		};
/* End PBXFrameworksBuildPhase section */

/* Begin PBXGroup section */
		B357E7CE2F4A8B3300438AE2 = {
			isa = PBXGroup;
			children = (
				B357E7D92F4A8B3300438AE2 /* EnterpriseKit */,
				B357E7F02F4A8B3500438AE2 /* EnterpriseKitTests */,
				B357E7FA2F4A8B3500438AE2 /* EnterpriseKitUITests */,
				B357E7D82F4A8B3300438AE2 /* Products */,
			);
			sourceTree = "<group>";
		};
		B357E7D82F4A8B3300438AE2 /* Products */ = {
			isa = PBXGroup;
			children = (
				B357E7D72F4A8B3300438AE2 /* EnterpriseKit.app */,
				B357E7ED2F4A8B3500438AE2 /* EnterpriseKitTests.xctest */,
				B357E7F72F4A8B3500438AE2 /* EnterpriseKitUITests.xctest */,
			);
			name = Products;
			sourceTree = "<group>";
		};
		B357E7D92F4A8B3300438AE2 /* EnterpriseKit */ = {
			isa = PBXGroup;
			children = (
				B380C2472F5A35E700502825 /* Resources */,
				B380C22A2F5A34D300502825 /* App */,
				B38B2BC22F5A333500E61212 /* Features */,
				B38B2BC12F5A332C00E61212 /* Core */,
				B357E7DA2F4A8B3300438AE2 /* AppDelegate.swift */,
				B357E7DC2F4A8B3300438AE2 /* SceneDelegate.swift */,
				B357E7DE2F4A8B3300438AE2 /* ViewController.swift */,
				B357E7E02F4A8B3300438AE2 /* Main.storyboard */,
				B357E7E32F4A8B3500438AE2 /* Assets.xcassets */,
				B357E7E52F4A8B3500438AE2 /* LaunchScreen.storyboard */,
				B357E7E82F4A8B3500438AE2 /* Info.plist */,
			);
			path = EnterpriseKit;
			sourceTree = "<group>";
		};
		B357E7F02F4A8B3500438AE2 /* EnterpriseKitTests */ = {
			isa = PBXGroup;
			children = (
				B357E7F12F4A8B3500438AE2 /* EnterpriseKitTests.swift */,
			);
			path = EnterpriseKitTests;
			sourceTree = "<group>";
		};
		B357E7FA2F4A8B3500438AE2 /* EnterpriseKitUITests */ = {
			isa = PBXGroup;
			children = (
				B357E7FB2F4A8B3500438AE2 /* EnterpriseKitUITests.swift */,
				B357E7FD2F4A8B3500438AE2 /* EnterpriseKitUITestsLaunchTests.swift */,
			);
			path = EnterpriseKitUITests;
			sourceTree = "<group>";
		};
		B380C22A2F5A34D300502825 /* App */ = {
			isa = PBXGroup;
			children = (
				B380C22B2F5A34DD00502825 /* EnterpriseKitApp.swift */,
				B380C22D2F5A34E900502825 /* RootView.swift */,
				B380C2522F69F1A600502825 /* MainTabBarController.swift */,
			);
			path = App;
			sourceTree = "<group>";
		};
		B380C22F2F5A34F400502825 /* Extensions */ = {
			isa = PBXGroup;
			children = (
			);
			path = Extensions;
			sourceTree = "<group>";
		};
		B380C2302F5A34FC00502825 /* DI */ = {
			isa = PBXGroup;
			children = (
				B380C2312F5A350C00502825 /* DependencyContainer.swift */,
			);
			path = DI;
			sourceTree = "<group>";
		};
		B380C2332F5A351F00502825 /* Models */ = {
			isa = PBXGroup;
			children = (
				B380C2222F5A341D00502825 /* Product.swift */,
			);
			path = Models;
			sourceTree = "<group>";
		};
		B380C2342F5A352800502825 /* Services */ = {
			isa = PBXGroup;
			children = (
				B380C2242F5A342500502825 /* ProductService.swift */,
			);
			path = Services;
			sourceTree = "<group>";
		};
		B380C2352F5A353400502825 /* ViewModels */ = {
			isa = PBXGroup;
			children = (
				B380C2262F5A343B00502825 /* ProductDetailViewModel.swift */,
				B380C2502F5A3B3E00502825 /* ProductListViewModel.swift */,
			);
			path = ViewModels;
			sourceTree = "<group>";
		};
		B380C2362F5A354200502825 /* Views */ = {
			isa = PBXGroup;
			children = (
				B380C2282F5A344300502825 /* ProductListViewController.swift */,
				B380C2372F5A355A00502825 /* ProductDetailViewController.swift */,
				B380C24C2F5A393600502825 /* ProductCell.swift */,
				B380C24E2F5A3A7200502825 /* ProductDetailViewController+UI.swift */,
			);
			path = Views;
			sourceTree = "<group>";
		};
		B380C2392F5A356D00502825 /* Cart */ = {
			isa = PBXGroup;
			children = (
				B380C23D2F5A359600502825 /* Views */,
				B380C23C2F5A358D00502825 /* ViewModels */,
				B380C23B2F5A358600502825 /* Services */,
				B380C23A2F5A357800502825 /* Models */,
			);
			path = Cart;
			sourceTree = "<group>";
		};
		B380C23A2F5A357800502825 /* Models */ = {
			isa = PBXGroup;
			children = (
				B380C23E2F5A35A900502825 /* CartItem.swift */,
				B380C2482F5A36E100502825 /* AddToCartRequest.swift */,
				B380C24A2F5A376300502825 /* UpdateCartRequest.swift */,
				B380C2542F69F37B00502825 /* CartDisplayItem.swift */,
			);
			path = Models;
			sourceTree = "<group>";
		};
		B380C23B2F5A358600502825 /* Services */ = {
			isa = PBXGroup;
			children = (
				B380C2402F5A35B300502825 /* CartService.swift */,
			);
			path = Services;
			sourceTree = "<group>";
		};
		B380C23C2F5A358D00502825 /* ViewModels */ = {
			isa = PBXGroup;
			children = (
				B380C2422F5A35BC00502825 /* CartViewModel.swift */,
			);
			path = ViewModels;
			sourceTree = "<group>";
		};
		B380C23D2F5A359600502825 /* Views */ = {
			isa = PBXGroup;
			children = (
				B380C2562F6B38CF00502825 /* Cells */,
				B380C2442F5A35C800502825 /* CartViewController.swift */,
			);
			path = Views;
			sourceTree = "<group>";
		};
		B380C2462F5A35D000502825 /* Categories */ = {
			isa = PBXGroup;
			children = (
			);
			path = Categories;
			sourceTree = "<group>";
		};
		B380C2472F5A35E700502825 /* Resources */ = {
			isa = PBXGroup;
			children = (
			);
			path = Resources;
			sourceTree = "<group>";
		};
		B380C2562F6B38CF00502825 /* Cells */ = {
			isa = PBXGroup;
			children = (
				B380C2572F6B38DE00502825 /* CustomCartCell.swift */,
			);
			path = Cells;
			sourceTree = "<group>";
		};
		B38B2BC12F5A332C00E61212 /* Core */ = {
			isa = PBXGroup;
			children = (
				B380C2302F5A34FC00502825 /* DI */,
				B380C22F2F5A34F400502825 /* Extensions */,
				B38B2BC32F5A334D00E61212 /* Network */,
			);
			path = Core;
			sourceTree = "<group>";
		};
		B38B2BC22F5A333500E61212 /* Features */ = {
			isa = PBXGroup;
			children = (
				B380C2462F5A35D000502825 /* Categories */,
				B380C2392F5A356D00502825 /* Cart */,
				B38B2BCB2F5A33D500E61212 /* Products */,
			);
			path = Features;
			sourceTree = "<group>";
		};
		B38B2BC32F5A334D00E61212 /* Network */ = {
			isa = PBXGroup;
			children = (
				B38B2BC42F5A335A00E61212 /* APIEndpoint.swift */,
				B38B2BC62F5A337600E61212 /* NetworkService.swift */,
				B38B2BC82F5A337E00E61212 /* APIError.swift */,
			);
			path = Network;
			sourceTree = "<group>";
		};
		B38B2BCB2F5A33D500E61212 /* Products */ = {
			isa = PBXGroup;
			children = (
				B380C2362F5A354200502825 /* Views */,
				B380C2352F5A353400502825 /* ViewModels */,
				B380C2342F5A352800502825 /* Services */,
				B380C2332F5A351F00502825 /* Models */,
			);
			path = Products;
			sourceTree = "<group>";
		};
/* End PBXGroup section */

/* Begin PBXNativeTarget section */
		B357E7D62F4A8B3300438AE2 /* EnterpriseKit */ = {
			isa = PBXNativeTarget;
			buildConfigurationList = B357E8012F4A8B3500438AE2 /* Build configuration list for PBXNativeTarget "EnterpriseKit" */;
			buildPhases = (
				B357E7D32F4A8B3300438AE2 /* Sources */,
				B357E7D42F4A8B3300438AE2 /* Frameworks */,
				B357E7D52F4A8B3300438AE2 /* Resources */,
			);
			buildRules = (
			);
			dependencies = (
			);
			name = EnterpriseKit;
			productName = EnterpriseKit;
			productReference = B357E7D72F4A8B3300438AE2 /* EnterpriseKit.app */;
			productType = "com.apple.product-type.application";
		};
		B357E7EC2F4A8B3500438AE2 /* EnterpriseKitTests */ = {
			isa = PBXNativeTarget;
			buildConfigurationList = B357E8042F4A8B3500438AE2 /* Build configuration list for PBXNativeTarget "EnterpriseKitTests" */;
			buildPhases = (
				B357E7E92F4A8B3500438AE2 /* Sources */,
				B357E7EA2F4A8B3500438AE2 /* Frameworks */,
				B357E7EB2F4A8B3500438AE2 /* Resources */,
			);
			buildRules = (
			);
			dependencies = (
				B357E7EF2F4A8B3500438AE2 /* PBXTargetDependency */,
			);
			name = EnterpriseKitTests;
			productName = EnterpriseKitTests;
			productReference = B357E7ED2F4A8B3500438AE2 /* EnterpriseKitTests.xctest */;
			productType = "com.apple.product-type.bundle.unit-test";
		};
		B357E7F62F4A8B3500438AE2 /* EnterpriseKitUITests */ = {
			isa = PBXNativeTarget;
			buildConfigurationList = B357E8072F4A8B3500438AE2 /* Build configuration list for PBXNativeTarget "EnterpriseKitUITests" */;
			buildPhases = (
				B357E7F32F4A8B3500438AE2 /* Sources */,
				B357E7F42F4A8B3500438AE2 /* Frameworks */,
				B357E7F52F4A8B3500438AE2 /* Resources */,
			);
			buildRules = (
			);
			dependencies = (
				B357E7F92F4A8B3500438AE2 /* PBXTargetDependency */,
			);
			name = EnterpriseKitUITests;
			productName = EnterpriseKitUITests;
			productReference = B357E7F72F4A8B3500438AE2 /* EnterpriseKitUITests.xctest */;
			productType = "com.apple.product-type.bundle.ui-testing";
		};
/* End PBXNativeTarget section */

/* Begin PBXProject section */
		B357E7CF2F4A8B3300438AE2 /* Project object */ = {
			isa = PBXProject;
			attributes = {
				BuildIndependentTargetsInParallel = 1;
				LastSwiftUpdateCheck = 1540;
				LastUpgradeCheck = 1540;
				TargetAttributes = {
					B357E7D62F4A8B3300438AE2 = {
						CreatedOnToolsVersion = 15.4;
					};
					B357E7EC2F4A8B3500438AE2 = {
						CreatedOnToolsVersion = 15.4;
						TestTargetID = B357E7D62F4A8B3300438AE2;
					};
					B357E7F62F4A8B3500438AE2 = {
						CreatedOnToolsVersion = 15.4;
						TestTargetID = B357E7D62F4A8B3300438AE2;
					};
				};
			};
			buildConfigurationList = B357E7D22F4A8B3300438AE2 /* Build configuration list for PBXProject "EnterpriseKit" */;
			compatibilityVersion = "Xcode 14.0";
			developmentRegion = en;
			hasScannedForEncodings = 0;
			knownRegions = (
				en,
				Base,
			);
			mainGroup = B357E7CE2F4A8B3300438AE2;
			productRefGroup = B357E7D82F4A8B3300438AE2 /* Products */;
			projectDirPath = "";
			projectRoot = "";
			targets = (
				B357E7D62F4A8B3300438AE2 /* EnterpriseKit */,
				B357E7EC2F4A8B3500438AE2 /* EnterpriseKitTests */,
				B357E7F62F4A8B3500438AE2 /* EnterpriseKitUITests */,
			);
		};
/* End PBXProject section */

/* Begin PBXResourcesBuildPhase section */
		B357E7D52F4A8B3300438AE2 /* Resources */ = {
			isa = PBXResourcesBuildPhase;
			buildActionMask = 2147483647;
			files = (
				B357E7E42F4A8B3500438AE2 /* Assets.xcassets in Resources */,
				B357E7E72F4A8B3500438AE2 /* Base in Resources */,
				B357E7E22F4A8B3300438AE2 /* Base in Resources */,
			);
			runOnlyForDeploymentPostprocessing = 0;
		};
		B357E7EB2F4A8B3500438AE2 /* Resources */ = {
			isa = PBXResourcesBuildPhase;
			buildActionMask = 2147483647;
			files = (
			);
			runOnlyForDeploymentPostprocessing = 0;
		};
		B357E7F52F4A8B3500438AE2 /* Resources */ = {
			isa = PBXResourcesBuildPhase;
			buildActionMask = 2147483647;
			files = (
			);
			runOnlyForDeploymentPostprocessing = 0;
		};
/* End PBXResourcesBuildPhase section */

/* Begin PBXSourcesBuildPhase section */
		B357E7D32F4A8B3300438AE2 /* Sources */ = {
			isa = PBXSourcesBuildPhase;
			buildActionMask = 2147483647;
			files = (
				B380C24B2F5A376300502825 /* UpdateCartRequest.swift in Sources */,
				B380C2452F5A35C800502825 /* CartViewController.swift in Sources */,
				B380C2582F6B38DE00502825 /* CustomCartCell.swift in Sources */,
				B380C2532F69F1A600502825 /* MainTabBarController.swift in Sources */,
				B38B2BC72F5A337600E61212 /* NetworkService.swift in Sources */,
				B380C2252F5A342500502825 /* ProductService.swift in Sources */,
				B357E7DF2F4A8B3300438AE2 /* ViewController.swift in Sources */,
				B380C2382F5A355A00502825 /* ProductDetailViewController.swift in Sources */,
				B357E7DB2F4A8B3300438AE2 /* AppDelegate.swift in Sources */,
				B380C2552F69F37C00502825 /* CartDisplayItem.swift in Sources */,
				B380C2292F5A344300502825 /* ProductListViewController.swift in Sources */,
				B380C2432F5A35BC00502825 /* CartViewModel.swift in Sources */,
				B357E7DD2F4A8B3300438AE2 /* SceneDelegate.swift in Sources */,
				B380C2412F5A35B300502825 /* CartService.swift in Sources */,
				B380C2322F5A350C00502825 /* DependencyContainer.swift in Sources */,
				B380C24D2F5A393600502825 /* ProductCell.swift in Sources */,
				B380C24F2F5A3A7300502825 /* ProductDetailViewController+UI.swift in Sources */,
				B380C2512F5A3B3E00502825 /* ProductListViewModel.swift in Sources */,
				B380C2272F5A343B00502825 /* ProductDetailViewModel.swift in Sources */,
				B380C22C2F5A34DD00502825 /* EnterpriseKitApp.swift in Sources */,
				B380C22E2F5A34E900502825 /* RootView.swift in Sources */,
				B38B2BC52F5A335A00E61212 /* APIEndpoint.swift in Sources */,
				B38B2BC92F5A337E00E61212 /* APIError.swift in Sources */,
				B380C2492F5A36E100502825 /* AddToCartRequest.swift in Sources */,
				B380C23F2F5A35A900502825 /* CartItem.swift in Sources */,
				B380C2232F5A341D00502825 /* Product.swift in Sources */,
			);
			runOnlyForDeploymentPostprocessing = 0;
		};
		B357E7E92F4A8B3500438AE2 /* Sources */ = {
			isa = PBXSourcesBuildPhase;
			buildActionMask = 2147483647;
			files = (
				B357E7F22F4A8B3500438AE2 /* EnterpriseKitTests.swift in Sources */,
			);
			runOnlyForDeploymentPostprocessing = 0;
		};
		B357E7F32F4A8B3500438AE2 /* Sources */ = {
			isa = PBXSourcesBuildPhase;
			buildActionMask = 2147483647;
			files = (
				B357E7FE2F4A8B3500438AE2 /* EnterpriseKitUITestsLaunchTests.swift in Sources */,
				B357E7FC2F4A8B3500438AE2 /* EnterpriseKitUITests.swift in Sources */,
			);
			runOnlyForDeploymentPostprocessing = 0;
		};
/* End PBXSourcesBuildPhase section */

/* Begin PBXTargetDependency section */
		B357E7EF2F4A8B3500438AE2 /* PBXTargetDependency */ = {
			isa = PBXTargetDependency;
			target = B357E7D62F4A8B3300438AE2 /* EnterpriseKit */;
			targetProxy = B357E7EE2F4A8B3500438AE2 /* PBXContainerItemProxy */;
		};
		B357E7F92F4A8B3500438AE2 /* PBXTargetDependency */ = {
			isa = PBXTargetDependency;
			target = B357E7D62F4A8B3300438AE2 /* EnterpriseKit */;
			targetProxy = B357E7F82F4A8B3500438AE2 /* PBXContainerItemProxy */;
		};
/* End PBXTargetDependency section */

/* Begin PBXVariantGroup section */
		B357E7E02F4A8B3300438AE2 /* Main.storyboard */ = {
			isa = PBXVariantGroup;
			children = (
				B357E7E12F4A8B3300438AE2 /* Base */,
			);
			name = Main.storyboard;
			sourceTree = "<group>";
		};
		B357E7E52F4A8B3500438AE2 /* LaunchScreen.storyboard */ = {
			isa = PBXVariantGroup;
			children = (
				B357E7E62F4A8B3500438AE2 /* Base */,
			);
			name = LaunchScreen.storyboard;
			sourceTree = "<group>";
		};
/* End PBXVariantGroup section */

/* Begin XCBuildConfiguration section */
		B357E7FF2F4A8B3500438AE2 /* Debug */ = {
			isa = XCBuildConfiguration;
			buildSettings = {
				ALWAYS_SEARCH_USER_PATHS = NO;
				ASSETCATALOG_COMPILER_GENERATE_SWIFT_ASSET_SYMBOL_EXTENSIONS = YES;
				CLANG_ANALYZER_NONNULL = YES;
				CLANG_ANALYZER_NUMBER_OBJECT_CONVERSION = YES_AGGRESSIVE;
				CLANG_CXX_LANGUAGE_STANDARD = "gnu++20";
				CLANG_ENABLE_MODULES = YES;
				CLANG_ENABLE_OBJC_ARC = YES;
				CLANG_ENABLE_OBJC_WEAK = YES;
				CLANG_WARN_BLOCK_CAPTURE_AUTORELEASING = YES;
				CLANG_WARN_BOOL_CONVERSION = YES;
				CLANG_WARN_COMMA = YES;
				CLANG_WARN_CONSTANT_CONVERSION = YES;
				CLANG_WARN_DEPRECATED_OBJC_IMPLEMENTATIONS = YES;
				CLANG_WARN_DIRECT_OBJC_ISA_USAGE = YES_ERROR;
				CLANG_WARN_DOCUMENTATION_COMMENTS = YES;
				CLANG_WARN_EMPTY_BODY = YES;
				CLANG_WARN_ENUM_CONVERSION = YES;
				CLANG_WARN_INFINITE_RECURSION = YES;
				CLANG_WARN_INT_CONVERSION = YES;
				CLANG_WARN_NON_LITERAL_NULL_CONVERSION = YES;
				CLANG_WARN_OBJC_IMPLICIT_RETAIN_SELF = YES;
				CLANG_WARN_OBJC_LITERAL_CONVERSION = YES;
				CLANG_WARN_OBJC_ROOT_CLASS = YES_ERROR;
				CLANG_WARN_QUOTED_INCLUDE_IN_FRAMEWORK_HEADER = YES;
				CLANG_WARN_RANGE_LOOP_ANALYSIS = YES;
				CLANG_WARN_STRICT_PROTOTYPES = YES;
				CLANG_WARN_SUSPICIOUS_MOVE = YES;
				CLANG_WARN_UNGUARDED_AVAILABILITY = YES_AGGRESSIVE;
				CLANG_WARN_UNREACHABLE_CODE = YES;
				CLANG_WARN__DUPLICATE_METHOD_MATCH = YES;
				COPY_PHASE_STRIP = NO;
				DEBUG_INFORMATION_FORMAT = dwarf;
				ENABLE_STRICT_OBJC_MSGSEND = YES;
				ENABLE_TESTABILITY = YES;
				ENABLE_USER_SCRIPT_SANDBOXING = YES;
				GCC_C_LANGUAGE_STANDARD = gnu17;
				GCC_DYNAMIC_NO_PIC = NO;
				GCC_NO_COMMON_BLOCKS = YES;
				GCC_OPTIMIZATION_LEVEL = 0;
				GCC_PREPROCESSOR_DEFINITIONS = (
					"DEBUG=1",
					"$(inherited)",
				);
				GCC_WARN_64_TO_32_BIT_CONVERSION = YES;
				GCC_WARN_ABOUT_RETURN_TYPE = YES_ERROR;
				GCC_WARN_UNDECLARED_SELECTOR = YES;
				GCC_WARN_UNINITIALIZED_AUTOS = YES_AGGRESSIVE;
				GCC_WARN_UNUSED_FUNCTION = YES;
				GCC_WARN_UNUSED_VARIABLE = YES;
				IPHONEOS_DEPLOYMENT_TARGET = 17.5;
				LOCALIZATION_PREFERS_STRING_CATALOGS = YES;
				MTL_ENABLE_DEBUG_INFO = INCLUDE_SOURCE;
				MTL_FAST_MATH = YES;
				ONLY_ACTIVE_ARCH = YES;
				SDKROOT = iphoneos;
				SWIFT_ACTIVE_COMPILATION_CONDITIONS = "DEBUG $(inherited)";
				SWIFT_OPTIMIZATION_LEVEL = "-Onone";
			};
			name = Debug;
		};
		B357E8002F4A8B3500438AE2 /* Release */ = {
			isa = XCBuildConfiguration;
			buildSettings = {
				ALWAYS_SEARCH_USER_PATHS = NO;
				ASSETCATALOG_COMPILER_GENERATE_SWIFT_ASSET_SYMBOL_EXTENSIONS = YES;
				CLANG_ANALYZER_NONNULL = YES;
				CLANG_ANALYZER_NUMBER_OBJECT_CONVERSION = YES_AGGRESSIVE;
				CLANG_CXX_LANGUAGE_STANDARD = "gnu++20";
				CLANG_ENABLE_MODULES = YES;
				CLANG_ENABLE_OBJC_ARC = YES;
				CLANG_ENABLE_OBJC_WEAK = YES;
				CLANG_WARN_BLOCK_CAPTURE_AUTORELEASING = YES;
				CLANG_WARN_BOOL_CONVERSION = YES;
				CLANG_WARN_COMMA = YES;
				CLANG_WARN_CONSTANT_CONVERSION = YES;
				CLANG_WARN_DEPRECATED_OBJC_IMPLEMENTATIONS = YES;
				CLANG_WARN_DIRECT_OBJC_ISA_USAGE = YES_ERROR;
				CLANG_WARN_DOCUMENTATION_COMMENTS = YES;
				CLANG_WARN_EMPTY_BODY = YES;
				CLANG_WARN_ENUM_CONVERSION = YES;
				CLANG_WARN_INFINITE_RECURSION = YES;
				CLANG_WARN_INT_CONVERSION = YES;
				CLANG_WARN_NON_LITERAL_NULL_CONVERSION = YES;
				CLANG_WARN_OBJC_IMPLICIT_RETAIN_SELF = YES;
				CLANG_WARN_OBJC_LITERAL_CONVERSION = YES;
				CLANG_WARN_OBJC_ROOT_CLASS = YES_ERROR;
				CLANG_WARN_QUOTED_INCLUDE_IN_FRAMEWORK_HEADER = YES;
				CLANG_WARN_RANGE_LOOP_ANALYSIS = YES;
				CLANG_WARN_STRICT_PROTOTYPES = YES;
				CLANG_WARN_SUSPICIOUS_MOVE = YES;
				CLANG_WARN_UNGUARDED_AVAILABILITY = YES_AGGRESSIVE;
				CLANG_WARN_UNREACHABLE_CODE = YES;
				CLANG_WARN__DUPLICATE_METHOD_MATCH = YES;
				COPY_PHASE_STRIP = NO;
				DEBUG_INFORMATION_FORMAT = "dwarf-with-dsym";
				ENABLE_NS_ASSERTIONS = NO;
				ENABLE_STRICT_OBJC_MSGSEND = YES;
				ENABLE_USER_SCRIPT_SANDBOXING = YES;
				GCC_C_LANGUAGE_STANDARD = gnu17;
				GCC_NO_COMMON_BLOCKS = YES;
				GCC_WARN_64_TO_32_BIT_CONVERSION = YES;
				GCC_WARN_ABOUT_RETURN_TYPE = YES_ERROR;
				GCC_WARN_UNDECLARED_SELECTOR = YES;
				GCC_WARN_UNINITIALIZED_AUTOS = YES_AGGRESSIVE;
				GCC_WARN_UNUSED_FUNCTION = YES;
				GCC_WARN_UNUSED_VARIABLE = YES;
				IPHONEOS_DEPLOYMENT_TARGET = 17.5;
				LOCALIZATION_PREFERS_STRING_CATALOGS = YES;
				MTL_ENABLE_DEBUG_INFO = NO;
				MTL_FAST_MATH = YES;
				SDKROOT = iphoneos;
				SWIFT_COMPILATION_MODE = wholemodule;
				VALIDATE_PRODUCT = YES;
			};
			name = Release;
		};
		B357E8022F4A8B3500438AE2 /* Debug */ = {
			isa = XCBuildConfiguration;
			buildSettings = {
				ASSETCATALOG_COMPILER_APPICON_NAME = AppIcon;
				ASSETCATALOG_COMPILER_GLOBAL_ACCENT_COLOR_NAME = AccentColor;
				CODE_SIGN_STYLE = Automatic;
				CURRENT_PROJECT_VERSION = 1;
				DEVELOPMENT_TEAM = 3VFN5926F6;
				GENERATE_INFOPLIST_FILE = YES;
				INFOPLIST_FILE = EnterpriseKit/Info.plist;
				INFOPLIST_KEY_UIApplicationSupportsIndirectInputEvents = YES;
				INFOPLIST_KEY_UILaunchStoryboardName = LaunchScreen;
				INFOPLIST_KEY_UIMainStoryboardFile = Main;
				INFOPLIST_KEY_UISupportedInterfaceOrientations_iPad = "UIInterfaceOrientationPortrait UIInterfaceOrientationPortraitUpsideDown UIInterfaceOrientationLandscapeLeft UIInterfaceOrientationLandscapeRight";
				INFOPLIST_KEY_UISupportedInterfaceOrientations_iPhone = "UIInterfaceOrientationPortrait UIInterfaceOrientationLandscapeLeft UIInterfaceOrientationLandscapeRight";
				LD_RUNPATH_SEARCH_PATHS = (
					"$(inherited)",
					"@executable_path/Frameworks",
				);
				MARKETING_VERSION = 1.0;
				PRODUCT_BUNDLE_IDENTIFIER = com.mobile.EnterpriseKit;
				PRODUCT_NAME = "$(TARGET_NAME)";
				SWIFT_EMIT_LOC_STRINGS = YES;
				SWIFT_VERSION = 5.0;
				TARGETED_DEVICE_FAMILY = "1,2";
			};
			name = Debug;
		};
		B357E8032F4A8B3500438AE2 /* Release */ = {
			isa = XCBuildConfiguration;
			buildSettings = {
				ASSETCATALOG_COMPILER_APPICON_NAME = AppIcon;
				ASSETCATALOG_COMPILER_GLOBAL_ACCENT_COLOR_NAME = AccentColor;
				CODE_SIGN_STYLE = Automatic;
				CURRENT_PROJECT_VERSION = 1;
				DEVELOPMENT_TEAM = 3VFN5926F6;
				GENERATE_INFOPLIST_FILE = YES;
				INFOPLIST_FILE = EnterpriseKit/Info.plist;
				INFOPLIST_KEY_UIApplicationSupportsIndirectInputEvents = YES;
				INFOPLIST_KEY_UILaunchStoryboardName = LaunchScreen;
				INFOPLIST_KEY_UIMainStoryboardFile = Main;
				INFOPLIST_KEY_UISupportedInterfaceOrientations_iPad = "UIInterfaceOrientationPortrait UIInterfaceOrientationPortraitUpsideDown UIInterfaceOrientationLandscapeLeft UIInterfaceOrientationLandscapeRight";
				INFOPLIST_KEY_UISupportedInterfaceOrientations_iPhone = "UIInterfaceOrientationPortrait UIInterfaceOrientationLandscapeLeft UIInterfaceOrientationLandscapeRight";
				LD_RUNPATH_SEARCH_PATHS = (
					"$(inherited)",
					"@executable_path/Frameworks",
				);
				MARKETING_VERSION = 1.0;
				PRODUCT_BUNDLE_IDENTIFIER = com.mobile.EnterpriseKit;
				PRODUCT_NAME = "$(TARGET_NAME)";
				SWIFT_EMIT_LOC_STRINGS = YES;
				SWIFT_VERSION = 5.0;
				TARGETED_DEVICE_FAMILY = "1,2";
			};
			name = Release;
		};
		B357E8052F4A8B3500438AE2 /* Debug */ = {
			isa = XCBuildConfiguration;
			buildSettings = {
				ALWAYS_EMBED_SWIFT_STANDARD_LIBRARIES = YES;
				BUNDLE_LOADER = "$(TEST_HOST)";
				CODE_SIGN_STYLE = Automatic;
				CURRENT_PROJECT_VERSION = 1;
				DEVELOPMENT_TEAM = 3VFN5926F6;
				GENERATE_INFOPLIST_FILE = YES;
				IPHONEOS_DEPLOYMENT_TARGET = 17.5;
				MARKETING_VERSION = 1.0;
				PRODUCT_BUNDLE_IDENTIFIER = com.mobile.EnterpriseKitTests;
				PRODUCT_NAME = "$(TARGET_NAME)";
				SWIFT_EMIT_LOC_STRINGS = NO;
				SWIFT_VERSION = 5.0;
				TARGETED_DEVICE_FAMILY = "1,2";
				TEST_HOST = "$(BUILT_PRODUCTS_DIR)/EnterpriseKit.app/$(BUNDLE_EXECUTABLE_FOLDER_PATH)/EnterpriseKit";
			};
			name = Debug;
		};
		B357E8062F4A8B3500438AE2 /* Release */ = {
			isa = XCBuildConfiguration;
			buildSettings = {
				ALWAYS_EMBED_SWIFT_STANDARD_LIBRARIES = YES;
				BUNDLE_LOADER = "$(TEST_HOST)";
				CODE_SIGN_STYLE = Automatic;
				CURRENT_PROJECT_VERSION = 1;
				DEVELOPMENT_TEAM = 3VFN5926F6;
				GENERATE_INFOPLIST_FILE = YES;
				IPHONEOS_DEPLOYMENT_TARGET = 17.5;
				MARKETING_VERSION = 1.0;
				PRODUCT_BUNDLE_IDENTIFIER = com.mobile.EnterpriseKitTests;
				PRODUCT_NAME = "$(TARGET_NAME)";
				SWIFT_EMIT_LOC_STRINGS = NO;
				SWIFT_VERSION = 5.0;
				TARGETED_DEVICE_FAMILY = "1,2";
				TEST_HOST = "$(BUILT_PRODUCTS_DIR)/EnterpriseKit.app/$(BUNDLE_EXECUTABLE_FOLDER_PATH)/EnterpriseKit";
			};
			name = Release;
		};
		B357E8082F4A8B3500438AE2 /* Debug */ = {
			isa = XCBuildConfiguration;
			buildSettings = {
				ALWAYS_EMBED_SWIFT_STANDARD_LIBRARIES = YES;
				CODE_SIGN_STYLE = Automatic;
				CURRENT_PROJECT_VERSION = 1;
				DEVELOPMENT_TEAM = 3VFN5926F6;
				GENERATE_INFOPLIST_FILE = YES;
				MARKETING_VERSION = 1.0;
				PRODUCT_BUNDLE_IDENTIFIER = com.mobile.EnterpriseKitUITests;
				PRODUCT_NAME = "$(TARGET_NAME)";
				SWIFT_EMIT_LOC_STRINGS = NO;
				SWIFT_VERSION = 5.0;
				TARGETED_DEVICE_FAMILY = "1,2";
				TEST_TARGET_NAME = EnterpriseKit;
			};
			name = Debug;
		};
		B357E8092F4A8B3500438AE2 /* Release */ = {
			isa = XCBuildConfiguration;
			buildSettings = {
				ALWAYS_EMBED_SWIFT_STANDARD_LIBRARIES = YES;
				CODE_SIGN_STYLE = Automatic;
				CURRENT_PROJECT_VERSION = 1;
				DEVELOPMENT_TEAM = 3VFN5926F6;
				GENERATE_INFOPLIST_FILE = YES;
				MARKETING_VERSION = 1.0;
				PRODUCT_BUNDLE_IDENTIFIER = com.mobile.EnterpriseKitUITests;
				PRODUCT_NAME = "$(TARGET_NAME)";
				SWIFT_EMIT_LOC_STRINGS = NO;
				SWIFT_VERSION = 5.0;
				TARGETED_DEVICE_FAMILY = "1,2";
				TEST_TARGET_NAME = EnterpriseKit;
			};
			name = Release;
		};
/* End XCBuildConfiguration section */

/* Begin XCConfigurationList section */
		B357E7D22F4A8B3300438AE2 /* Build configuration list for PBXProject "EnterpriseKit" */ = {
			isa = XCConfigurationList;
			buildConfigurations = (
				B357E7FF2F4A8B3500438AE2 /* Debug */,
				B357E8002F4A8B3500438AE2 /* Release */,
			);
			defaultConfigurationIsVisible = 0;
			defaultConfigurationName = Release;
		};
		B357E8012F4A8B3500438AE2 /* Build configuration list for PBXNativeTarget "EnterpriseKit" */ = {
			isa = XCConfigurationList;
			buildConfigurations = (
				B357E8022F4A8B3500438AE2 /* Debug */,
				B357E8032F4A8B3500438AE2 /* Release */,
			);
			defaultConfigurationIsVisible = 0;
			defaultConfigurationName = Release;
		};
		B357E8042F4A8B3500438AE2 /* Build configuration list for PBXNativeTarget "EnterpriseKitTests" */ = {
			isa = XCConfigurationList;
			buildConfigurations = (
				B357E8052F4A8B3500438AE2 /* Debug */,
				B357E8062F4A8B3500438AE2 /* Release */,
			);
			defaultConfigurationIsVisible = 0;
			defaultConfigurationName = Release;
		};
		B357E8072F4A8B3500438AE2 /* Build configuration list for PBXNativeTarget "EnterpriseKitUITests" */ = {
			isa = XCConfigurationList;
			buildConfigurations = (
				B357E8082F4A8B3500438AE2 /* Debug */,
				B357E8092F4A8B3500438AE2 /* Release */,
			);
			defaultConfigurationIsVisible = 0;
			defaultConfigurationName = Release;
		};
/* End XCConfigurationList section */
	};
	rootObject = B357E7CF2F4A8B3300438AE2 /* Project object */;
}
